
Microsoft Visual Studio Solution File, Format Version 12.00
# Visual Studio 15
VisualStudioVersion = 15.0.27703.2026
MinimumVisualStudioVersion = 10.0.40219.1
Project("{8BC9CEB8-8B4A-11D0-8D11-00A0C91BC942}") = "TestingSystem", "TestingSystem\TestingSystem.vcxproj", "{7FFBDC8B-B0C9-474C-A04D-0ADEE34A46ED}"
EndProject
Project("{2150E333-8FDC-42A3-9474-1A3956D46DE8}") = "Solution Items", "Solution Items", "{1AE1952C-22BE-425F-8785-8954705C7A06}"
	ProjectSection(SolutionItems) = preProject
		notes.txt = notes.txt
	EndProjectSection
EndProject
Global
	GlobalSection(SolutionConfigurationPlatforms) = preSolution
		Debug|Win32 = Debug|Win32
		Release|Win32 = Release|Win32
	EndGlobalSection
	GlobalSection(ProjectConfigurationPlatforms) = postSolution
		{7FFBDC8B-B0C9-474C-A04D-0ADEE34A46ED}.Debug|Win32.ActiveCfg = Debug|Win32
		{7FFBDC8B-B0C9-474C-A04D-0ADEE34A46ED}.Debug|Win32.Build.0 = Debug|Win32
		{7FFBDC8B-B0C9-474C-A04D-0ADEE34A46ED}.Release|Win32.ActiveCfg = Release|Win32
		{7FFBDC8B-B0C9-474C-A04D-0ADEE34A46ED}.Release|Win32.Build.0 = Release|Win32
	EndGlobalSection
	GlobalSection(SolutionProperties) = preSolution
		HideSolutionNode = FALSE
	EndGlobalSection
	GlobalSection(ExtensibilityGlobals) = postSolution
		SolutionGuid = {9D6D5240-1D43-4AF8-86E3-5B1D224F9F82}
	EndGlobalSection
EndGlobal
